// !$*UTF8*$!
{
	archiveVersion = 1;
	classes = {
	};
	objectVersion = 50;
	objects = {

/* Begin PBXBuildFile section */
		417D66AB2503B87B00FA19BA /* AppDelegate.swift in Sources */ = {isa = PBXBuildFile; fileRef = 417D66AA2503B87B00FA19BA /* AppDelegate.swift */; };
		417D66AD2503B87B00FA19BA /* SceneDelegate.swift in Sources */ = {isa = PBXBuildFile; fileRef = 417D66AC2503B87B00FA19BA /* SceneDelegate.swift */; };
		417D66AF2503B87B00FA19BA /* ViewController.swift in Sources */ = {isa = PBXBuildFile; fileRef = 417D66AE2503B87B00FA19BA /* ViewController.swift */; };
		417D66B22503B87B00FA19BA /* Main.storyboard in Resources */ = {isa = PBXBuildFile; fileRef = 417D66B02503B87B00FA19BA /* Main.storyboard */; };
		417D66B42503B87D00FA19BA /* Assets.xcassets in Resources */ = {isa = PBXBuildFile; fileRef = 417D66B32503B87D00FA19BA /* Assets.xcassets */; };
		417D66B72503B87D00FA19BA /* LaunchScreen.storyboard in Resources */ = {isa = PBXBuildFile; fileRef = 417D66B52503B87D00FA19BA /* LaunchScreen.storyboard */; };
		417D66C22503B87D00FA19BA /* StopWatchTests.swift in Sources */ = {isa = PBXBuildFile; fileRef = 417D66C12503B87D00FA19BA /* StopWatchTests.swift */; };
		417D66CD2503B87D00FA19BA /* StopWatchUITests.swift in Sources */ = {isa = PBXBuildFile; fileRef = 417D66CC2503B87D00FA19BA /* StopWatchUITests.swift */; };
/* End PBXBuildFile section */

/* Begin PBXContainerItemProxy section */
		417D66BE2503B87D00FA19BA /* PBXContainerItemProxy */ = {
			isa = PBXContainerItemProxy;
			containerPortal = 417D669F2503B87B00FA19BA /* Project object */;
			proxyType = 1;
			remoteGlobalIDString = 417D66A62503B87B00FA19BA;
			remoteInfo = StopWatch;
		};
		417D66C92503B87D00FA19BA /* PBXContainerItemProxy */ = {
			isa = PBXContainerItemProxy;
			containerPortal = 417D669F2503B87B00FA19BA /* Project object */;
			proxyType = 1;
			remoteGlobalIDString = 417D66A62503B87B00FA19BA;
			remoteInfo = StopWatch;
		};
/* End PBXContainerItemProxy section */

/* Begin PBXFileReference section */
		417D66A72503B87B00FA19BA /* StopWatch.app */ = {isa = PBXFileReference; explicitFileType = wrapper.application; includeInIndex = 0; path = StopWatch.app; sourceTree = BUILT_PRODUCTS_DIR; };
		417D66AA2503B87B00FA19BA /* AppDelegate.swift */ = {isa = PBXFileReference; lastKnownFileType = sourcecode.swift; path = AppDelegate.swift; sourceTree = "<group>"; };
		417D66AC2503B87B00FA19BA /* SceneDelegate.swift */ = {isa = PBXFileReference; lastKnownFileType = sourcecode.swift; path = SceneDelegate.swift; sourceTree = "<group>"; };
		417D66AE2503B87B00FA19BA /* ViewController.swift */ = {isa = PBXFileReference; lastKnownFileType = sourcecode.swift; path = ViewController.swift; sourceTree = "<group>"; };
		417D66B12503B87B00FA19BA /* Base */ = {isa = PBXFileReference; lastKnownFileType = file.storyboard; name = Base; path = Base.lproj/Main.storyboard; sourceTree = "<group>"; };
		417D66B32503B87D00FA19BA /* Assets.xcassets */ = {isa = PBXFileReference; lastKnownFileType = folder.assetcatalog; path = Assets.xcassets; sourceTree = "<group>"; };
		417D66B62503B87D00FA19BA /* Base */ = {isa = PBXFileReference; lastKnownFileType = file.storyboard; name = Base; path = Base.lproj/LaunchScreen.storyboard; sourceTree = "<group>"; };
		417D66B82503B87D00FA19BA /* Info.plist */ = {isa = PBXFileReference; lastKnownFileType = text.plist.xml; path = Info.plist; sourceTree = "<group>"; };
		417D66BD2503B87D00FA19BA /* StopWatchTests.xctest */ = {isa = PBXFileReference; explicitFileType = wrapper.cfbundle; includeInIndex = 0; path = StopWatchTests.xctest; sourceTree = BUILT_PRODUCTS_DIR; };
		417D66C12503B87D00FA19BA /* StopWatchTests.swift */ = {isa = PBXFileReference; lastKnownFileType = sourcecode.swift; path = StopWatchTests.swift; sourceTree = "<group>"; };
		417D66C32503B87D00FA19BA /* Info.plist */ = {isa = PBXFileReference; lastKnownFileType = text.plist.xml; path = Info.plist; sourceTree = "<group>"; };
		417D66C82503B87D00FA19BA /* StopWatchUITests.xctest */ = {isa = PBXFileReference; explicitFileType = wrapper.cfbundle; includeInIndex = 0; path = StopWatchUITests.xctest; sourceTree = BUILT_PRODUCTS_DIR; };
		417D66CC2503B87D00FA19BA /* StopWatchUITests.swift */ = {isa = PBXFileReference; lastKnownFileType = sourcecode.swift; path = StopWatchUITests.swift; sourceTree = "<group>"; };
		417D66CE2503B87D00FA19BA /* Info.plist */ = {isa = PBXFileReference; lastKnownFileType = text.plist.xml; path = Info.plist; sourceTree = "<group>"; };
/* End PBXFileReference section */

/* Begin PBXFrameworksBuildPhase section */
		417D66A42503B87B00FA19BA /* Frameworks */ = {
			isa = PBXFrameworksBuildPhase;
			buildActionMask = 2147483647;
			files = (
			);
			runOnlyForDeploymentPostprocessing = 0;
		};
		417D66BA2503B87D00FA19BA /* Frameworks */ = {
			isa = PBXFrameworksBuildPhase;
			buildActionMask = 2147483647;
			files = (
			);
			runOnlyForDeploymentPostprocessing = 0;
		};
		417D66C52503B87D00FA19BA /* Frameworks */ = {
			isa = PBXFrameworksBuildPhase;
			buildActionMask = 2147483647;
			files = (
			);
			runOnlyForDeploymentPostprocessing = 0;
		};
/* End PBXFrameworksBuildPhase section */

/* Begin PBXGroup section */
		417D669E2503B87B00FA19BA = {
			isa = PBXGroup;
			children = (
				417D66A92503B87B00FA19BA /* StopWatch */,
				417D66C02503B87D00FA19BA /* StopWatchTests */,
				417D66CB2503B87D00FA19BA /* StopWatchUITests */,
				417D66A82503B87B00FA19BA /* Products */,
			);
			sourceTree = "<group>";
		};
		417D66A82503B87B00FA19BA /* Products */ = {
			isa = PBXGroup;
			children = (
				417D66A72503B87B00FA19BA /* StopWatch.app */,
				417D66BD2503B87D00FA19BA /* StopWatchTests.xctest */,
				417D66C82503B87D00FA19BA /* StopWatchUITests.xctest */,
			);
			name = Products;
			sourceTree = "<group>";
		};
		417D66A92503B87B00FA19BA /* StopWatch */ = {
			isa = PBXGroup;
			children = (
				417D66AA2503B87B00FA19BA /* AppDelegate.swift */,
				417D66AC2503B87B00FA19BA /* SceneDelegate.swift */,
				417D66AE2503B87B00FA19BA /* ViewController.swift */,
				417D66B02503B87B00FA19BA /* Main.storyboard */,
				417D66B32503B87D00FA19BA /* Assets.xcassets */,
				417D66B52503B87D00FA19BA /* LaunchScreen.storyboard */,
				417D66B82503B87D00FA19BA /* Info.plist */,
			);
			path = StopWatch;
			sourceTree = "<group>";
		};
		417D66C02503B87D00FA19BA /* StopWatchTests */ = {
			isa = PBXGroup;
			children = (
				417D66C12503B87D00FA19BA /* StopWatchTests.swift */,
				417D66C32503B87D00FA19BA /* Info.plist */,
			);
			path = StopWatchTests;
			sourceTree = "<group>";
		};
		417D66CB2503B87D00FA19BA /* StopWatchUITests */ = {
			isa = PBXGroup;
			children = (
				417D66CC2503B87D00FA19BA /* StopWatchUITests.swift */,
				417D66CE2503B87D00FA19BA /* Info.plist */,
			);
			path = StopWatchUITests;
			sourceTree = "<group>";
		};
/* End PBXGroup section */

/* Begin PBXNativeTarget section */
		417D66A62503B87B00FA19BA /* StopWatch */ = {
			isa = PBXNativeTarget;
			buildConfigurationList = 417D66D12503B87D00FA19BA /* Build configuration list for PBXNativeTarget "StopWatch" */;
			buildPhases = (
				417D66A32503B87B00FA19BA /* Sources */,
				417D66A42503B87B00FA19BA /* Frameworks */,
				417D66A52503B87B00FA19BA /* Resources */,
			);
			buildRules = (
			);
			dependencies = (
			);
			name = StopWatch;
			productName = StopWatch;
			productReference = 417D66A72503B87B00FA19BA /* StopWatch.app */;
			productType = "com.apple.product-type.application";
		};
		417D66BC2503B87D00FA19BA /* StopWatchTests */ = {
			isa = PBXNativeTarget;
			buildConfigurationList = 417D66D42503B87D00FA19BA /* Build configuration list for PBXNativeTarget "StopWatchTests" */;
			buildPhases = (
				417D66B92503B87D00FA19BA /* Sources */,
				417D66BA2503B87D00FA19BA /* Frameworks */,
				417D66BB2503B87D00FA19BA /* Resources */,
			);
			buildRules = (
			);
			dependencies = (
				417D66BF2503B87D00FA19BA /* PBXTargetDependency */,
			);
			name = StopWatchTests;
			productName = StopWatchTests;
			productReference = 417D66BD2503B87D00FA19BA /* StopWatchTests.xctest */;
			productType = "com.apple.product-type.bundle.unit-test";
		};
		417D66C72503B87D00FA19BA /* StopWatchUITests */ = {
			isa = PBXNativeTarget;
			buildConfigurationList = 417D66D72503B87D00FA19BA /* Build configuration list for PBXNativeTarget "StopWatchUITests" */;
			buildPhases = (
				417D66C42503B87D00FA19BA /* Sources */,
				417D66C52503B87D00FA19BA /* Frameworks */,
				417D66C62503B87D00FA19BA /* Resources */,
			);
			buildRules = (
			);
			dependencies = (
				417D66CA2503B87D00FA19BA /* PBXTargetDependency */,
			);
			name = StopWatchUITests;
			productName = StopWatchUITests;
			productReference = 417D66C82503B87D00FA19BA /* StopWatchUITests.xctest */;
			productType = "com.apple.product-type.bundle.ui-testing";
		};
/* End PBXNativeTarget section */

/* Begin PBXProject section */
		417D669F2503B87B00FA19BA /* Project object */ = {
			isa = PBXProject;
			attributes = {
				LastSwiftUpdateCheck = 1170;
				LastUpgradeCheck = 1170;
				ORGANIZATIONNAME = IdoUmi;
				TargetAttributes = {
					417D66A62503B87B00FA19BA = {
						CreatedOnToolsVersion = 11.7;
					};
					417D66BC2503B87D00FA19BA = {
						CreatedOnToolsVersion = 11.7;
						TestTargetID = 417D66A62503B87B00FA19BA;
					};
					417D66C72503B87D00FA19BA = {
						CreatedOnToolsVersion = 11.7;
						TestTargetID = 417D66A62503B87B00FA19BA;
					};
				};
			};
			buildConfigurationList = 417D66A22503B87B00FA19BA /* Build configuration list for PBXProject "StopWatch" */;
			compatibilityVersion = "Xcode 9.3";
			developmentRegion = en;
			hasScannedForEncodings = 0;
			knownRegions = (
				en,
				Base,
			);
			mainGroup = 417D669E2503B87B00FA19BA;
			productRefGroup = 417D66A82503B87B00FA19BA /* Products */;
			projectDirPath = "";
			projectRoot = "";
			targets = (
				417D66A62503B87B00FA19BA /* StopWatch */,
				417D66BC2503B87D00FA19BA /* StopWatchTests */,
				417D66C72503B87D00FA19BA /* StopWatchUITests */,
			);
		};
/* End PBXProject section */

/* Begin PBXResourcesBuildPhase section */
		417D66A52503B87B00FA19BA /* Resources */ = {
			isa = PBXResourcesBuildPhase;
			buildActionMask = 2147483647;
			files = (
				417D66B72503B87D00FA19BA /* LaunchScreen.storyboard in Resources */,
				417D66B42503B87D00FA19BA /* Assets.xcassets in Resources */,
				417D66B22503B87B00FA19BA /* Main.storyboard in Resources */,
			);
			runOnlyForDeploymentPostprocessing = 0;
		};
		417D66BB2503B87D00FA19BA /* Resources */ = {
			isa = PBXResourcesBuildPhase;
			buildActionMask = 2147483647;
			files = (
			);
			runOnlyForDeploymentPostprocessing = 0;
		};
		417D66C62503B87D00FA19BA /* Resources */ = {
			isa = PBXResourcesBuildPhase;
			buildActionMask = 2147483647;
			files = (
			);
			runOnlyForDeploymentPostprocessing = 0;
		};
/* End PBXResourcesBuildPhase section */

/* Begin PBXSourcesBuildPhase section */
		417D66A32503B87B00FA19BA /* Sources */ = {
			isa = PBXSourcesBuildPhase;
			buildActionMask = 2147483647;
			files = (
				417D66AF2503B87B00FA19BA /* ViewController.swift in Sources */,
				417D66AB2503B87B00FA19BA /* AppDelegate.swift in Sources */,
				417D66AD2503B87B00FA19BA /* SceneDelegate.swift in Sources */,
			);
			runOnlyForDeploymentPostprocessing = 0;
		};
		417D66B92503B87D00FA19BA /* Sources */ = {
			isa = PBXSourcesBuildPhase;
			buildActionMask = 2147483647;
			files = (
				417D66C22503B87D00FA19BA /* StopWatchTests.swift in Sources */,
			);
			runOnlyForDeploymentPostprocessing = 0;
		};
		417D66C42503B87D00FA19BA /* Sources */ = {
			isa = PBXSourcesBuildPhase;
			buildActionMask = 2147483647;
			files = (
				417D66CD2503B87D00FA19BA /* StopWatchUITests.swift in Sources */,
			);
			runOnlyForDeploymentPostprocessing = 0;
		};
/* End PBXSourcesBuildPhase section */

/* Begin PBXTargetDependency section */
		417D66BF2503B87D00FA19BA /* PBXTargetDependency */ = {
			isa = PBXTargetDependency;
			target = 417D66A62503B87B00FA19BA /* StopWatch */;
			targetProxy = 417D66BE2503B87D00FA19BA /* PBXContainerItemProxy */;
		};
		417D66CA2503B87D00FA19BA /* PBXTargetDependency */ = {
			isa = PBXTargetDependency;
			target = 417D66A62503B87B00FA19BA /* StopWatch */;
			targetProxy = 417D66C92503B87D00FA19BA /* PBXContainerItemProxy */;
		};
/* End PBXTargetDependency section */

/* Begin PBXVariantGroup section */
		417D66B02503B87B00FA19BA /* Main.storyboard */ = {
			isa = PBXVariantGroup;
			children = (
				417D66B12503B87B00FA19BA /* Base */,
			);
			name = Main.storyboard;
			sourceTree = "<group>";
		};
		417D66B52503B87D00FA19BA /* LaunchScreen.storyboard */ = {
			isa = PBXVariantGroup;
			children = (
				417D66B62503B87D00FA19BA /* Base */,
			);
			name = LaunchScreen.storyboard;
			sourceTree = "<group>";
		};
/* End PBXVariantGroup section */

/* Begin XCBuildConfiguration section */
		417D66CF2503B87D00FA19BA /* Debug */ = {
			isa = XCBuildConfiguration;
			buildSettings = {
				ALWAYS_SEARCH_USER_PATHS = NO;
				CLANG_ANALYZER_NONNULL = YES;
				CLANG_ANALYZER_NUMBER_OBJECT_CONVERSION = YES_AGGRESSIVE;
				CLANG_CXX_LANGUAGE_STANDARD = "gnu++14";
				CLANG_CXX_LIBRARY = "libc++";
				CLANG_ENABLE_MODULES = YES;
				CLANG_ENABLE_OBJC_ARC = YES;
				CLANG_ENABLE_OBJC_WEAK = YES;
				CLANG_WARN_BLOCK_CAPTURE_AUTORELEASING = YES;
				CLANG_WARN_BOOL_CONVERSION = YES;
				CLANG_WARN_COMMA = YES;
				CLANG_WARN_CONSTANT_CONVERSION = YES;
				CLANG_WARN_DEPRECATED_OBJC_IMPLEMENTATIONS = YES;
				CLANG_WARN_DIRECT_OBJC_ISA_USAGE = YES_ERROR;
				CLANG_WARN_DOCUMENTATION_COMMENTS = YES;
				CLANG_WARN_EMPTY_BODY = YES;
				CLANG_WARN_ENUM_CONVERSION = YES;
				CLANG_WARN_INFINITE_RECURSION = YES;
				CLANG_WARN_INT_CONVERSION = YES;
				CLANG_WARN_NON_LITERAL_NULL_CONVERSION = YES;
				CLANG_WARN_OBJC_IMPLICIT_RETAIN_SELF = YES;
				CLANG_WARN_OBJC_LITERAL_CONVERSION = YES;
				CLANG_WARN_OBJC_ROOT_CLASS = YES_ERROR;
				CLANG_WARN_RANGE_LOOP_ANALYSIS = YES;
				CLANG_WARN_STRICT_PROTOTYPES = YES;
				CLANG_WARN_SUSPICIOUS_MOVE = YES;
				CLANG_WARN_UNGUARDED_AVAILABILITY = YES_AGGRESSIVE;
				CLANG_WARN_UNREACHABLE_CODE = YES;
				CLANG_WARN__DUPLICATE_METHOD_MATCH = YES;
				COPY_PHASE_STRIP = NO;
				DEBUG_INFORMATION_FORMAT = dwarf;
				ENABLE_STRICT_OBJC_MSGSEND = YES;
				ENABLE_TESTABILITY = YES;
				GCC_C_LANGUAGE_STANDARD = gnu11;
				GCC_DYNAMIC_NO_PIC = NO;
				GCC_NO_COMMON_BLOCKS = YES;
				GCC_OPTIMIZATION_LEVEL = 0;
				GCC_PREPROCESSOR_DEFINITIONS = (
					"DEBUG=1",
					"$(inherited)",
				);
				GCC_WARN_64_TO_32_BIT_CONVERSION = YES;
				GCC_WARN_ABOUT_RETURN_TYPE = YES_ERROR;
				GCC_WARN_UNDECLARED_SELECTOR = YES;
				GCC_WARN_UNINITIALIZED_AUTOS = YES_AGGRESSIVE;
				GCC_WARN_UNUSED_FUNCTION = YES;
				GCC_WARN_UNUSED_VARIABLE = YES;
				IPHONEOS_DEPLOYMENT_TARGET = 13.7;
				MTL_ENABLE_DEBUG_INFO = INCLUDE_SOURCE;
				MTL_FAST_MATH = YES;
				ONLY_ACTIVE_ARCH = YES;
				SDKROOT = iphoneos;
				SWIFT_ACTIVE_COMPILATION_CONDITIONS = DEBUG;
				SWIFT_OPTIMIZATION_LEVEL = "-Onone";
			};
			name = Debug;
		};
		417D66D02503B87D00FA19BA /* Release */ = {
			isa = XCBuildConfiguration;
			buildSettings = {
				ALWAYS_SEARCH_USER_PATHS = NO;
				CLANG_ANALYZER_NONNULL = YES;
				CLANG_ANALYZER_NUMBER_OBJECT_CONVERSION = YES_AGGRESSIVE;
				CLANG_CXX_LANGUAGE_STANDARD = "gnu++14";
				CLANG_CXX_LIBRARY = "libc++";
				CLANG_ENABLE_MODULES = YES;
				CLANG_ENABLE_OBJC_ARC = YES;
				CLANG_ENABLE_OBJC_WEAK = YES;
				CLANG_WARN_BLOCK_CAPTURE_AUTORELEASING = YES;
				CLANG_WARN_BOOL_CONVERSION = YES;
				CLANG_WARN_COMMA = YES;
				CLANG_WARN_CONSTANT_CONVERSION = YES;
				CLANG_WARN_DEPRECATED_OBJC_IMPLEMENTATIONS = YES;
				CLANG_WARN_DIRECT_OBJC_ISA_USAGE = YES_ERROR;
				CLANG_WARN_DOCUMENTATION_COMMENTS = YES;
				CLANG_WARN_EMPTY_BODY = YES;
				CLANG_WARN_ENUM_CONVERSION = YES;
				CLANG_WARN_INFINITE_RECURSION = YES;
				CLANG_WARN_INT_CONVERSION = YES;
				CLANG_WARN_NON_LITERAL_NULL_CONVERSION = YES;
				CLANG_WARN_OBJC_IMPLICIT_RETAIN_SELF = YES;
				CLANG_WARN_OBJC_LITERAL_CONVERSION = YES;
				CLANG_WARN_OBJC_ROOT_CLASS = YES_ERROR;
				CLANG_WARN_RANGE_LOOP_ANALYSIS = YES;
				CLANG_WARN_STRICT_PROTOTYPES = YES;
				CLANG_WARN_SUSPICIOUS_MOVE = YES;
				CLANG_WARN_UNGUARDED_AVAILABILITY = YES_AGGRESSIVE;
				CLANG_WARN_UNREACHABLE_CODE = YES;
				CLANG_WARN__DUPLICATE_METHOD_MATCH = YES;
				COPY_PHASE_STRIP = NO;
				DEBUG_INFORMATION_FORMAT = "dwarf-with-dsym";
				ENABLE_NS_ASSERTIONS = NO;
				ENABLE_STRICT_OBJC_MSGSEND = YES;
				GCC_C_LANGUAGE_STANDARD = gnu11;
				GCC_NO_COMMON_BLOCKS = YES;
				GCC_WARN_64_TO_32_BIT_CONVERSION = YES;
				GCC_WARN_ABOUT_RETURN_TYPE = YES_ERROR;
				GCC_WARN_UNDECLARED_SELECTOR = YES;
				GCC_WARN_UNINITIALIZED_AUTOS = YES_AGGRESSIVE;
				GCC_WARN_UNUSED_FUNCTION = YES;
				GCC_WARN_UNUSED_VARIABLE = YES;
				IPHONEOS_DEPLOYMENT_TARGET = 13.7;
				MTL_ENABLE_DEBUG_INFO = NO;
				MTL_FAST_MATH = YES;
				SDKROOT = iphoneos;
				SWIFT_COMPILATION_MODE = wholemodule;
				SWIFT_OPTIMIZATION_LEVEL = "-O";
				VALIDATE_PRODUCT = YES;
			};
			name = Release;
		};
		417D66D22503B87D00FA19BA /* Debug */ = {
			isa = XCBuildConfiguration;
			buildSettings = {
				ASSETCATALOG_COMPILER_APPICON_NAME = AppIcon;
				CODE_SIGN_STYLE = Automatic;
				INFOPLIST_FILE = StopWatch/Info.plist;
				LD_RUNPATH_SEARCH_PATHS = (
					"$(inherited)",
					"@executable_path/Frameworks",
				);
				PRODUCT_BUNDLE_IDENTIFIER = app.ido.umi.StopWatch;
				PRODUCT_NAME = "$(TARGET_NAME)";
				SWIFT_VERSION = 5.0;
				TARGETED_DEVICE_FAMILY = "1,2";
			};
			name = Debug;
		};
		417D66D32503B87D00FA19BA /* Release */ = {
			isa = XCBuildConfiguration;
			buildSettings = {
				ASSETCATALOG_COMPILER_APPICON_NAME = AppIcon;
				CODE_SIGN_STYLE = Automatic;
				INFOPLIST_FILE = StopWatch/Info.plist;
				LD_RUNPATH_SEARCH_PATHS = (
					"$(inherited)",
					"@executable_path/Frameworks",
				);
				PRODUCT_BUNDLE_IDENTIFIER = app.ido.umi.StopWatch;
				PRODUCT_NAME = "$(TARGET_NAME)";
				SWIFT_VERSION = 5.0;
				TARGETED_DEVICE_FAMILY = "1,2";
			};
			name = Release;
		};
		417D66D52503B87D00FA19BA /* Debug */ = {
			isa = XCBuildConfiguration;
			buildSettings = {
				ALWAYS_EMBED_SWIFT_STANDARD_LIBRARIES = YES;
				BUNDLE_LOADER = "$(TEST_HOST)";
				CODE_SIGN_STYLE = Automatic;
				INFOPLIST_FILE = StopWatchTests/Info.plist;
				IPHONEOS_DEPLOYMENT_TARGET = 13.7;
				LD_RUNPATH_SEARCH_PATHS = (
					"$(inherited)",
					"@executable_path/Frameworks",
					"@loader_path/Frameworks",
				);
				PRODUCT_BUNDLE_IDENTIFIER = app.ido.umi.StopWatchTests;
				PRODUCT_NAME = "$(TARGET_NAME)";
				SWIFT_VERSION = 5.0;
				TARGETED_DEVICE_FAMILY = "1,2";
				TEST_HOST = "$(BUILT_PRODUCTS_DIR)/StopWatch.app/StopWatch";
			};
			name = Debug;
		};
		417D66D62503B87D00FA19BA /* Release */ = {
			isa = XCBuildConfiguration;
			buildSettings = {
				ALWAYS_EMBED_SWIFT_STANDARD_LIBRARIES = YES;
				BUNDLE_LOADER = "$(TEST_HOST)";
				CODE_SIGN_STYLE = Automatic;
				INFOPLIST_FILE = StopWatchTests/Info.plist;
				IPHONEOS_DEPLOYMENT_TARGET = 13.7;
				LD_RUNPATH_SEARCH_PATHS = (
					"$(inherited)",
					"@executable_path/Frameworks",
					"@loader_path/Frameworks",
				);
				PRODUCT_BUNDLE_IDENTIFIER = app.ido.umi.StopWatchTests;
				PRODUCT_NAME = "$(TARGET_NAME)";
				SWIFT_VERSION = 5.0;
				TARGETED_DEVICE_FAMILY = "1,2";
				TEST_HOST = "$(BUILT_PRODUCTS_DIR)/StopWatch.app/StopWatch";
			};
			name = Release;
		};
		417D66D82503B87D00FA19BA /* Debug */ = {
			isa = XCBuildConfiguration;
			buildSettings = {
				ALWAYS_EMBED_SWIFT_STANDARD_LIBRARIES = YES;
				CODE_SIGN_STYLE = Automatic;
				INFOPLIST_FILE = StopWatchUITests/Info.plist;
				LD_RUNPATH_SEARCH_PATHS = (
					"$(inherited)",
					"@executable_path/Frameworks",
					"@loader_path/Frameworks",
				);
				PRODUCT_BUNDLE_IDENTIFIER = app.ido.umi.StopWatchUITests;
				PRODUCT_NAME = "$(TARGET_NAME)";
				SWIFT_VERSION = 5.0;
				TARGETED_DEVICE_FAMILY = "1,2";
				TEST_TARGET_NAME = StopWatch;
			};
			name = Debug;
		};
		417D66D92503B87D00FA19BA /* Release */ = {
			isa = XCBuildConfiguration;
			buildSettings = {
				ALWAYS_EMBED_SWIFT_STANDARD_LIBRARIES = YES;
				CODE_SIGN_STYLE = Automatic;
				INFOPLIST_FILE = StopWatchUITests/Info.plist;
				LD_RUNPATH_SEARCH_PATHS = (
					"$(inherited)",
					"@executable_path/Frameworks",
					"@loader_path/Frameworks",
				);
				PRODUCT_BUNDLE_IDENTIFIER = app.ido.umi.StopWatchUITests;
				PRODUCT_NAME = "$(TARGET_NAME)";
				SWIFT_VERSION = 5.0;
				TARGETED_DEVICE_FAMILY = "1,2";
				TEST_TARGET_NAME = StopWatch;
			};
			name = Release;
		};
/* End XCBuildConfiguration section */

/* Begin XCConfigurationList section */
		417D66A22503B87B00FA19BA /* Build configuration list for PBXProject "StopWatch" */ = {
			isa = XCConfigurationList;
			buildConfigurations = (
				417D66CF2503B87D00FA19BA /* Debug */,
				417D66D02503B87D00FA19BA /* Release */,
			);
			defaultConfigurationIsVisible = 0;
			defaultConfigurationName = Release;
		};
		417D66D12503B87D00FA19BA /* Build configuration list for PBXNativeTarget "StopWatch" */ = {
			isa = XCConfigurationList;
			buildConfigurations = (
				417D66D22503B87D00FA19BA /* Debug */,
				417D66D32503B87D00FA19BA /* Release */,
			);
			defaultConfigurationIsVisible = 0;
			defaultConfigurationName = Release;
		};
		417D66D42503B87D00FA19BA /* Build configuration list for PBXNativeTarget "StopWatchTests" */ = {
			isa = XCConfigurationList;
			buildConfigurations = (
				417D66D52503B87D00FA19BA /* Debug */,
				417D66D62503B87D00FA19BA /* Release */,
			);
			defaultConfigurationIsVisible = 0;
			defaultConfigurationName = Release;
		};
		417D66D72503B87D00FA19BA /* Build configuration list for PBXNativeTarget "StopWatchUITests" */ = {
			isa = XCConfigurationList;
			buildConfigurations = (
				417D66D82503B87D00FA19BA /* Debug */,
				417D66D92503B87D00FA19BA /* Release */,
			);
			defaultConfigurationIsVisible = 0;
			defaultConfigurationName = Release;
		};
/* End XCConfigurationList section */
	};
	rootObject = 417D669F2503B87B00FA19BA /* Project object */;
}
